
Microsoft Visual Studio Solution File, Format Version 12.00
# Visual Studio Version 17
VisualStudioVersion = 17.13.35931.197
MinimumVisualStudioVersion = 10.0.40219.1
Project("{FAE04EC0-301F-11D3-BF4B-00C04F79EFBC}") = "Ejercicio1", "Ejercicio1\Ejercicio1.csproj", "{561B5D12-2E59-4F27-BFCF-78F68C47F8C6}"
EndProject
Project("{FAE04EC0-301F-11D3-BF4B-00C04F79EFBC}") = "Ejercicio2", "Ejercicio2\Ejercicio2.csproj", "{7270A96D-5296-49E3-8300-C155141DFD0D}"
EndProject
Project("{FAE04EC0-301F-11D3-BF4B-00C04F79EFBC}") = "Ejercicio3", "Ejercicio3\Ejercicio3.csproj", "{7A7C974B-4C0E-448B-8D7B-5E5A4E25B8D0}"
EndProject
Project("{FAE04EC0-301F-11D3-BF4B-00C04F79EFBC}") = "Ejercicio4", "Ejercicio4\Ejercicio4.csproj", "{F970293C-E724-4FE3-9A47-3A52C8803AEC}"
EndProject
Project("{FAE04EC0-301F-11D3-BF4B-00C04F79EFBC}") = "Ejercicio5", "Ejercicio5\Ejercicio5.csproj", "{D182C619-974D-4E92-AD7F-2D740391CC1E}"
EndProject
Global
	GlobalSection(SolutionConfigurationPlatforms) = preSolution
		Debug|Any CPU = Debug|Any CPU
		Release|Any CPU = Release|Any CPU
	EndGlobalSection
	GlobalSection(ProjectConfigurationPlatforms) = postSolution
		{561B5D12-2E59-4F27-BFCF-78F68C47F8C6}.Debug|Any CPU.ActiveCfg = Debug|Any CPU
		{561B5D12-2E59-4F27-BFCF-78F68C47F8C6}.Debug|Any CPU.Build.0 = Debug|Any CPU
		{561B5D12-2E59-4F27-BFCF-78F68C47F8C6}.Release|Any CPU.ActiveCfg = Release|Any CPU
		{561B5D12-2E59-4F27-BFCF-78F68C47F8C6}.Release|Any CPU.Build.0 = Release|Any CPU
		{7270A96D-5296-49E3-8300-C155141DFD0D}.Debug|Any CPU.ActiveCfg = Debug|Any CPU
		{7270A96D-5296-49E3-8300-C155141DFD0D}.Debug|Any CPU.Build.0 = Debug|Any CPU
		{7270A96D-5296-49E3-8300-C155141DFD0D}.Release|Any CPU.ActiveCfg = Release|Any CPU
		{7270A96D-5296-49E3-8300-C155141DFD0D}.Release|Any CPU.Build.0 = Release|Any CPU
		{7A7C974B-4C0E-448B-8D7B-5E5A4E25B8D0}.Debug|Any CPU.ActiveCfg = Debug|Any CPU
		{7A7C974B-4C0E-448B-8D7B-5E5A4E25B8D0}.Debug|Any CPU.Build.0 = Debug|Any CPU
		{7A7C974B-4C0E-448B-8D7B-5E5A4E25B8D0}.Release|Any CPU.ActiveCfg = Release|Any CPU
		{7A7C974B-4C0E-448B-8D7B-5E5A4E25B8D0}.Release|Any CPU.Build.0 = Release|Any CPU
		{F970293C-E724-4FE3-9A47-3A52C8803AEC}.Debug|Any CPU.ActiveCfg = Debug|Any CPU
		{F970293C-E724-4FE3-9A47-3A52C8803AEC}.Debug|Any CPU.Build.0 = Debug|Any CPU
		{F970293C-E724-4FE3-9A47-3A52C8803AEC}.Release|Any CPU.ActiveCfg = Release|Any CPU
		{F970293C-E724-4FE3-9A47-3A52C8803AEC}.Release|Any CPU.Build.0 = Release|Any CPU
		{D182C619-974D-4E92-AD7F-2D740391CC1E}.Debug|Any CPU.ActiveCfg = Debug|Any CPU
		{D182C619-974D-4E92-AD7F-2D740391CC1E}.Debug|Any CPU.Build.0 = Debug|Any CPU
		{D182C619-974D-4E92-AD7F-2D740391CC1E}.Release|Any CPU.ActiveCfg = Release|Any CPU
		{D182C619-974D-4E92-AD7F-2D740391CC1E}.Release|Any CPU.Build.0 = Release|Any CPU
	EndGlobalSection
	GlobalSection(SolutionProperties) = preSolution
		HideSolutionNode = FALSE
	EndGlobalSection
	GlobalSection(ExtensibilityGlobals) = postSolution
		SolutionGuid = {B48813E8-110C-411D-A89B-7D562B85151D}
	EndGlobalSection
EndGlobal
